{
  "name": "khaos-nexus-ai-core",
  "version": "0.7.0",
  "lockfileVersion": 3,
  "requires": true,
  "packages": {
    "": {
      "name": "khaos-nexus-ai-core",
      "version": "0.7.0",
      "engines": {
        "node": ">=22"
      },
      "bin": {
        "khaos-nexus-ai-core-sidecar": "src/sidecar.js"
      }
    }
  }
}
